
Microsoft Visual Studio Solution File, Format Version 12.00
# Visual Studio 15
VisualStudioVersion = 15.0.27428.2037
MinimumVisualStudioVersion = 10.0.40219.1
Project("{E24C65DC-7377-472B-9ABA-BC803B73C61A}") = "Angular6Routing", "E:\Angular Practic\Angular6Routing\", "{E400BBDE-965B-4351-B44F-6387E5A1780C}"
	ProjectSection(WebsiteProperties) = preProject
		TargetFrameworkMoniker = ".NETFramework,Version%3Dv4.0"
		Debug.AspNetCompiler.VirtualPath = "/localhost_53942"
		Debug.AspNetCompiler.PhysicalPath = "E:\Angular Practic\Angular6Routing\"
		Debug.AspNetCompiler.TargetPath = "PrecompiledWeb\localhost_53942\"
		Debug.AspNetCompiler.Updateable = "true"
		Debug.AspNetCompiler.ForceOverwrite = "true"
		Debug.AspNetCompiler.FixedNames = "false"
		Debug.AspNetCompiler.Debug = "True"
		Release.AspNetCompiler.VirtualPath = "/localhost_53942"
		Release.AspNetCompiler.PhysicalPath = "E:\Angular Practic\Angular6Routing\"
		Release.AspNetCompiler.TargetPath = "PrecompiledWeb\localhost_53942\"
		Release.AspNetCompiler.Updateable = "true"
		Release.AspNetCompiler.ForceOverwrite = "true"
		Release.AspNetCompiler.FixedNames = "false"
		Release.AspNetCompiler.Debug = "False"
		VWDPort = "53942"
	EndProjectSection
EndProject
Global
	GlobalSection(SolutionConfigurationPlatforms) = preSolution
		Debug|Any CPU = Debug|Any CPU
	EndGlobalSection
	GlobalSection(ProjectConfigurationPlatforms) = postSolution
		{E400BBDE-965B-4351-B44F-6387E5A1780C}.Debug|Any CPU.ActiveCfg = Debug|Any CPU
		{E400BBDE-965B-4351-B44F-6387E5A1780C}.Debug|Any CPU.Build.0 = Debug|Any CPU
	EndGlobalSection
	GlobalSection(SolutionProperties) = preSolution
		HideSolutionNode = FALSE
	EndGlobalSection
	GlobalSection(ExtensibilityGlobals) = postSolution
		SolutionGuid = {0952817E-68C5-4B1E-B1DF-4A77F6C2C699}
	EndGlobalSection
EndGlobal
